
Microsoft Visual Studio Solution File, Format Version 12.00
# Visual Studio Version 16
VisualStudioVersion = 16.0.29306.81
MinimumVisualStudioVersion = 10.0.40219.1
Project("{8BC9CEB8-8B4A-11D0-8D11-00A0C91BC942}") = "LearningAct1-6", "LearningAct1-6.vcxproj", "{4DBD4FA6-E74E-4B34-839D-2ED5C7C31BF3}"
EndProject
Global
	GlobalSection(SolutionConfigurationPlatforms) = preSolution
		Debug|x64 = Debug|x64
		Debug|x86 = Debug|x86
		Release|x64 = Release|x64
		Release|x86 = Release|x86
	EndGlobalSection
	GlobalSection(ProjectConfigurationPlatforms) = postSolution
		{4DBD4FA6-E74E-4B34-839D-2ED5C7C31BF3}.Debug|x64.ActiveCfg = Debug|x64
		{4DBD4FA6-E74E-4B34-839D-2ED5C7C31BF3}.Debug|x64.Build.0 = Debug|x64
		{4DBD4FA6-E74E-4B34-839D-2ED5C7C31BF3}.Debug|x86.ActiveCfg = Debug|Win32
		{4DBD4FA6-E74E-4B34-839D-2ED5C7C31BF3}.Debug|x86.Build.0 = Debug|Win32
		{4DBD4FA6-E74E-4B34-839D-2ED5C7C31BF3}.Release|x64.ActiveCfg = Release|x64
		{4DBD4FA6-E74E-4B34-839D-2ED5C7C31BF3}.Release|x64.Build.0 = Release|x64
		{4DBD4FA6-E74E-4B34-839D-2ED5C7C31BF3}.Release|x86.ActiveCfg = Release|Win32
		{4DBD4FA6-E74E-4B34-839D-2ED5C7C31BF3}.Release|x86.Build.0 = Release|Win32
	EndGlobalSection
	GlobalSection(SolutionProperties) = preSolution
		HideSolutionNode = FALSE
	EndGlobalSection
	GlobalSection(ExtensibilityGlobals) = postSolution
		SolutionGuid = {D640B28F-7614-4B94-899B-55B4DD0138B3}
	EndGlobalSection
EndGlobal
